
Microsoft Visual Studio Solution File, Format Version 12.00
# Visual Studio Version 17
VisualStudioVersion = 17.14.36518.9 d17.14
MinimumVisualStudioVersion = 10.0.40219.1
Project("{8BC9CEB8-8B4A-11D0-8D11-00A0C91BC942}") = "data_1", "data_1\data_1.vcxproj", "{7E1E8373-521D-4320-8653-C46CC6D12FF0}"
EndProject
Global
	GlobalSection(SolutionConfigurationPlatforms) = preSolution
		Debug|x64 = Debug|x64
		Debug|x86 = Debug|x86
		Release|x64 = Release|x64
		Release|x86 = Release|x86
	EndGlobalSection
	GlobalSection(ProjectConfigurationPlatforms) = postSolution
		{7E1E8373-521D-4320-8653-C46CC6D12FF0}.Debug|x64.ActiveCfg = Debug|x64
		{7E1E8373-521D-4320-8653-C46CC6D12FF0}.Debug|x64.Build.0 = Debug|x64
		{7E1E8373-521D-4320-8653-C46CC6D12FF0}.Debug|x86.ActiveCfg = Debug|Win32
		{7E1E8373-521D-4320-8653-C46CC6D12FF0}.Debug|x86.Build.0 = Debug|Win32
		{7E1E8373-521D-4320-8653-C46CC6D12FF0}.Release|x64.ActiveCfg = Release|x64
		{7E1E8373-521D-4320-8653-C46CC6D12FF0}.Release|x64.Build.0 = Release|x64
		{7E1E8373-521D-4320-8653-C46CC6D12FF0}.Release|x86.ActiveCfg = Release|Win32
		{7E1E8373-521D-4320-8653-C46CC6D12FF0}.Release|x86.Build.0 = Release|Win32
	EndGlobalSection
	GlobalSection(SolutionProperties) = preSolution
		HideSolutionNode = FALSE
	EndGlobalSection
	GlobalSection(ExtensibilityGlobals) = postSolution
		SolutionGuid = {B20B2EAE-D8FE-4AD5-8A6C-C3451FC58B4A}
	EndGlobalSection
EndGlobal
